
Microsoft Visual Studio Solution File, Format Version 12.00
# Visual Studio Version 16
VisualStudioVersion = 16.0.31424.327
MinimumVisualStudioVersion = 10.0.40219.1
Project("{2150E333-8FDC-42A3-9474-1A3956D46DE8}") = "Services", "Services", "{988CF3A5-2090-4FE0-B949-18D8AC1CD3A7}"
EndProject
Project("{2150E333-8FDC-42A3-9474-1A3956D46DE8}") = "Catalog", "Catalog", "{FEFC5A7B-FAEC-4E78-838A-E35C7FF7B01C}"
EndProject
Project("{9A19103F-16F7-4668-BE54-9A1E7A4F7556}") = "Catalog.API", "Services\Catalog\Catalog.API\Catalog.API.csproj", "{18007C9E-200B-4174-9168-896925E3C9F4}"
EndProject
Project("{E53339B2-1760-4266-BCC7-CA923CBCF16C}") = "docker-compose", "docker-compose.dcproj", "{71480224-C96B-421C-86F4-168B661CB3C6}"
EndProject
Project("{2150E333-8FDC-42A3-9474-1A3956D46DE8}") = "Basket", "Basket", "{5E24F8AC-01B2-48D8-AB54-F54EECC90C89}"
EndProject
Project("{9A19103F-16F7-4668-BE54-9A1E7A4F7556}") = "Basket.API", "Services\Basket\Basket.API\Basket.API.csproj", "{FCEF96DF-71B2-4A63-BA12-82435BD19058}"
EndProject
Project("{2150E333-8FDC-42A3-9474-1A3956D46DE8}") = "Discount", "Discount", "{526B8ED6-ECBD-42A0-8429-2C1358446A6E}"
EndProject
Project("{9A19103F-16F7-4668-BE54-9A1E7A4F7556}") = "Discount.API", "Services\Discount\Discount.API\Discount.API.csproj", "{C12AE68D-A197-44C9-ABDA-00EDADC722C5}"
EndProject
Project("{FAE04EC0-301F-11D3-BF4B-00C04F79EFBC}") = "Discount.Grpc", "Services\Discount\Discount.Grpc\Discount.Grpc.csproj", "{EB2E14F3-530A-4758-93CD-ACA04BE602A1}"
EndProject
Global
	GlobalSection(SolutionConfigurationPlatforms) = preSolution
		Debug|Any CPU = Debug|Any CPU
		Release|Any CPU = Release|Any CPU
	EndGlobalSection
	GlobalSection(ProjectConfigurationPlatforms) = postSolution
		{18007C9E-200B-4174-9168-896925E3C9F4}.Debug|Any CPU.ActiveCfg = Debug|Any CPU
		{18007C9E-200B-4174-9168-896925E3C9F4}.Debug|Any CPU.Build.0 = Debug|Any CPU
		{18007C9E-200B-4174-9168-896925E3C9F4}.Release|Any CPU.ActiveCfg = Release|Any CPU
		{18007C9E-200B-4174-9168-896925E3C9F4}.Release|Any CPU.Build.0 = Release|Any CPU
		{71480224-C96B-421C-86F4-168B661CB3C6}.Debug|Any CPU.ActiveCfg = Debug|Any CPU
		{71480224-C96B-421C-86F4-168B661CB3C6}.Debug|Any CPU.Build.0 = Debug|Any CPU
		{71480224-C96B-421C-86F4-168B661CB3C6}.Release|Any CPU.ActiveCfg = Release|Any CPU
		{71480224-C96B-421C-86F4-168B661CB3C6}.Release|Any CPU.Build.0 = Release|Any CPU
		{FCEF96DF-71B2-4A63-BA12-82435BD19058}.Debug|Any CPU.ActiveCfg = Debug|Any CPU
		{FCEF96DF-71B2-4A63-BA12-82435BD19058}.Debug|Any CPU.Build.0 = Debug|Any CPU
		{FCEF96DF-71B2-4A63-BA12-82435BD19058}.Release|Any CPU.ActiveCfg = Release|Any CPU
		{FCEF96DF-71B2-4A63-BA12-82435BD19058}.Release|Any CPU.Build.0 = Release|Any CPU
		{C12AE68D-A197-44C9-ABDA-00EDADC722C5}.Debug|Any CPU.ActiveCfg = Debug|Any CPU
		{C12AE68D-A197-44C9-ABDA-00EDADC722C5}.Debug|Any CPU.Build.0 = Debug|Any CPU
		{C12AE68D-A197-44C9-ABDA-00EDADC722C5}.Release|Any CPU.ActiveCfg = Release|Any CPU
		{C12AE68D-A197-44C9-ABDA-00EDADC722C5}.Release|Any CPU.Build.0 = Release|Any CPU
		{EB2E14F3-530A-4758-93CD-ACA04BE602A1}.Debug|Any CPU.ActiveCfg = Debug|Any CPU
		{EB2E14F3-530A-4758-93CD-ACA04BE602A1}.Debug|Any CPU.Build.0 = Debug|Any CPU
		{EB2E14F3-530A-4758-93CD-ACA04BE602A1}.Release|Any CPU.ActiveCfg = Release|Any CPU
		{EB2E14F3-530A-4758-93CD-ACA04BE602A1}.Release|Any CPU.Build.0 = Release|Any CPU
	EndGlobalSection
	GlobalSection(SolutionProperties) = preSolution
		HideSolutionNode = FALSE
	EndGlobalSection
	GlobalSection(NestedProjects) = preSolution
		{FEFC5A7B-FAEC-4E78-838A-E35C7FF7B01C} = {988CF3A5-2090-4FE0-B949-18D8AC1CD3A7}
		{18007C9E-200B-4174-9168-896925E3C9F4} = {FEFC5A7B-FAEC-4E78-838A-E35C7FF7B01C}
		{5E24F8AC-01B2-48D8-AB54-F54EECC90C89} = {988CF3A5-2090-4FE0-B949-18D8AC1CD3A7}
		{FCEF96DF-71B2-4A63-BA12-82435BD19058} = {5E24F8AC-01B2-48D8-AB54-F54EECC90C89}
		{526B8ED6-ECBD-42A0-8429-2C1358446A6E} = {988CF3A5-2090-4FE0-B949-18D8AC1CD3A7}
		{C12AE68D-A197-44C9-ABDA-00EDADC722C5} = {526B8ED6-ECBD-42A0-8429-2C1358446A6E}
		{EB2E14F3-530A-4758-93CD-ACA04BE602A1} = {526B8ED6-ECBD-42A0-8429-2C1358446A6E}
	EndGlobalSection
	GlobalSection(ExtensibilityGlobals) = postSolution
		SolutionGuid = {7BB7BD86-53B2-463F-9DF4-0460CE4DB0F0}
	EndGlobalSection
EndGlobal
